
Microsoft Visual Studio Solution File, Format Version 12.00
# Visual Studio Version 16
VisualStudioVersion = 16.0.31624.102
MinimumVisualStudioVersion = 10.0.40219.1
Project("{FAE04EC0-301F-11D3-BF4B-00C04F79EFBC}") = "Amur.UWP", "Amur\Amur.UWP\Amur.UWP.csproj", "{7FF2F19C-7AC8-4B4B-9AF1-4A7728D469EF}"
EndProject
Project("{FAE04EC0-301F-11D3-BF4B-00C04F79EFBC}") = "Amur.Android", "Amur\Amur.Android\Amur.Android.csproj", "{6B443420-06F5-42DE-A7D4-CD9B35B8CC4A}"
EndProject
Project("{FAE04EC0-301F-11D3-BF4B-00C04F79EFBC}") = "Amur.iOS", "Amur\Amur.iOS\Amur.iOS.csproj", "{1F612187-21C7-4EFB-AB98-EC10A7B8C3D6}"
EndProject
Project("{FAE04EC0-301F-11D3-BF4B-00C04F79EFBC}") = "Amur", "Amur\Amur\Amur.csproj", "{F22A88CA-06E5-4A5E-8E63-0DD36F3E90ED}"
EndProject
Global
	GlobalSection(SolutionConfigurationPlatforms) = preSolution
		Debug|Any CPU = Debug|Any CPU
		Debug|ARM = Debug|ARM
		Debug|iPhone = Debug|iPhone
		Debug|iPhoneSimulator = Debug|iPhoneSimulator
		Debug|x64 = Debug|x64
		Debug|x86 = Debug|x86
		Release|Any CPU = Release|Any CPU
		Release|ARM = Release|ARM
		Release|iPhone = Release|iPhone
		Release|iPhoneSimulator = Release|iPhoneSimulator
		Release|x64 = Release|x64
		Release|x86 = Release|x86
	EndGlobalSection
	GlobalSection(ProjectConfigurationPlatforms) = postSolution
		{7FF2F19C-7AC8-4B4B-9AF1-4A7728D469EF}.Debug|Any CPU.ActiveCfg = Debug|x86
		{7FF2F19C-7AC8-4B4B-9AF1-4A7728D469EF}.Debug|Any CPU.Build.0 = Debug|x86
		{7FF2F19C-7AC8-4B4B-9AF1-4A7728D469EF}.Debug|Any CPU.Deploy.0 = Debug|x86
		{7FF2F19C-7AC8-4B4B-9AF1-4A7728D469EF}.Debug|ARM.ActiveCfg = Debug|ARM
		{7FF2F19C-7AC8-4B4B-9AF1-4A7728D469EF}.Debug|ARM.Build.0 = Debug|ARM
		{7FF2F19C-7AC8-4B4B-9AF1-4A7728D469EF}.Debug|ARM.Deploy.0 = Debug|ARM
		{7FF2F19C-7AC8-4B4B-9AF1-4A7728D469EF}.Debug|iPhone.ActiveCfg = Debug|x86
		{7FF2F19C-7AC8-4B4B-9AF1-4A7728D469EF}.Debug|iPhone.Build.0 = Debug|x86
		{7FF2F19C-7AC8-4B4B-9AF1-4A7728D469EF}.Debug|iPhone.Deploy.0 = Debug|x86
		{7FF2F19C-7AC8-4B4B-9AF1-4A7728D469EF}.Debug|iPhoneSimulator.ActiveCfg = Debug|x86
		{7FF2F19C-7AC8-4B4B-9AF1-4A7728D469EF}.Debug|iPhoneSimulator.Build.0 = Debug|x86
		{7FF2F19C-7AC8-4B4B-9AF1-4A7728D469EF}.Debug|iPhoneSimulator.Deploy.0 = Debug|x86
		{7FF2F19C-7AC8-4B4B-9AF1-4A7728D469EF}.Debug|x64.ActiveCfg = Debug|x64
		{7FF2F19C-7AC8-4B4B-9AF1-4A7728D469EF}.Debug|x64.Build.0 = Debug|x64
		{7FF2F19C-7AC8-4B4B-9AF1-4A7728D469EF}.Debug|x64.Deploy.0 = Debug|x64
		{7FF2F19C-7AC8-4B4B-9AF1-4A7728D469EF}.Debug|x86.ActiveCfg = Debug|x86
		{7FF2F19C-7AC8-4B4B-9AF1-4A7728D469EF}.Debug|x86.Build.0 = Debug|x86
		{7FF2F19C-7AC8-4B4B-9AF1-4A7728D469EF}.Debug|x86.Deploy.0 = Debug|x86
		{7FF2F19C-7AC8-4B4B-9AF1-4A7728D469EF}.Release|Any CPU.ActiveCfg = Release|x86
		{7FF2F19C-7AC8-4B4B-9AF1-4A7728D469EF}.Release|Any CPU.Build.0 = Release|x86
		{7FF2F19C-7AC8-4B4B-9AF1-4A7728D469EF}.Release|Any CPU.Deploy.0 = Release|x86
		{7FF2F19C-7AC8-4B4B-9AF1-4A7728D469EF}.Release|ARM.ActiveCfg = Release|ARM
		{7FF2F19C-7AC8-4B4B-9AF1-4A7728D469EF}.Release|ARM.Build.0 = Release|ARM
		{7FF2F19C-7AC8-4B4B-9AF1-4A7728D469EF}.Release|ARM.Deploy.0 = Release|ARM
		{7FF2F19C-7AC8-4B4B-9AF1-4A7728D469EF}.Release|iPhone.ActiveCfg = Release|x86
		{7FF2F19C-7AC8-4B4B-9AF1-4A7728D469EF}.Release|iPhone.Build.0 = Release|x86
		{7FF2F19C-7AC8-4B4B-9AF1-4A7728D469EF}.Release|iPhone.Deploy.0 = Release|x86
		{7FF2F19C-7AC8-4B4B-9AF1-4A7728D469EF}.Release|iPhoneSimulator.ActiveCfg = Release|x86
		{7FF2F19C-7AC8-4B4B-9AF1-4A7728D469EF}.Release|iPhoneSimulator.Build.0 = Release|x86
		{7FF2F19C-7AC8-4B4B-9AF1-4A7728D469EF}.Release|iPhoneSimulator.Deploy.0 = Release|x86
		{7FF2F19C-7AC8-4B4B-9AF1-4A7728D469EF}.Release|x64.ActiveCfg = Release|x64
		{7FF2F19C-7AC8-4B4B-9AF1-4A7728D469EF}.Release|x64.Build.0 = Release|x64
		{7FF2F19C-7AC8-4B4B-9AF1-4A7728D469EF}.Release|x64.Deploy.0 = Release|x64
		{7FF2F19C-7AC8-4B4B-9AF1-4A7728D469EF}.Release|x86.ActiveCfg = Release|x86
		{7FF2F19C-7AC8-4B4B-9AF1-4A7728D469EF}.Release|x86.Build.0 = Release|x86
		{7FF2F19C-7AC8-4B4B-9AF1-4A7728D469EF}.Release|x86.Deploy.0 = Release|x86
		{6B443420-06F5-42DE-A7D4-CD9B35B8CC4A}.Debug|Any CPU.ActiveCfg = Debug|Any CPU
		{6B443420-06F5-42DE-A7D4-CD9B35B8CC4A}.Debug|Any CPU.Build.0 = Debug|Any CPU
		{6B443420-06F5-42DE-A7D4-CD9B35B8CC4A}.Debug|Any CPU.Deploy.0 = Debug|Any CPU
		{6B443420-06F5-42DE-A7D4-CD9B35B8CC4A}.Debug|ARM.ActiveCfg = Debug|Any CPU
		{6B443420-06F5-42DE-A7D4-CD9B35B8CC4A}.Debug|ARM.Build.0 = Debug|Any CPU
		{6B443420-06F5-42DE-A7D4-CD9B35B8CC4A}.Debug|ARM.Deploy.0 = Debug|Any CPU
		{6B443420-06F5-42DE-A7D4-CD9B35B8CC4A}.Debug|iPhone.ActiveCfg = Debug|Any CPU
		{6B443420-06F5-42DE-A7D4-CD9B35B8CC4A}.Debug|iPhone.Build.0 = Debug|Any CPU
		{6B443420-06F5-42DE-A7D4-CD9B35B8CC4A}.Debug|iPhone.Deploy.0 = Debug|Any CPU
		{6B443420-06F5-42DE-A7D4-CD9B35B8CC4A}.Debug|iPhoneSimulator.ActiveCfg = Debug|Any CPU
		{6B443420-06F5-42DE-A7D4-CD9B35B8CC4A}.Debug|iPhoneSimulator.Build.0 = Debug|Any CPU
		{6B443420-06F5-42DE-A7D4-CD9B35B8CC4A}.Debug|iPhoneSimulator.Deploy.0 = Debug|Any CPU
		{6B443420-06F5-42DE-A7D4-CD9B35B8CC4A}.Debug|x64.ActiveCfg = Debug|Any CPU
		{6B443420-06F5-42DE-A7D4-CD9B35B8CC4A}.Debug|x64.Build.0 = Debug|Any CPU
		{6B443420-06F5-42DE-A7D4-CD9B35B8CC4A}.Debug|x64.Deploy.0 = Debug|Any CPU
		{6B443420-06F5-42DE-A7D4-CD9B35B8CC4A}.Debug|x86.ActiveCfg = Debug|Any CPU
		{6B443420-06F5-42DE-A7D4-CD9B35B8CC4A}.Debug|x86.Build.0 = Debug|Any CPU
		{6B443420-06F5-42DE-A7D4-CD9B35B8CC4A}.Debug|x86.Deploy.0 = Debug|Any CPU
		{6B443420-06F5-42DE-A7D4-CD9B35B8CC4A}.Release|Any CPU.ActiveCfg = Release|Any CPU
		{6B443420-06F5-42DE-A7D4-CD9B35B8CC4A}.Release|Any CPU.Build.0 = Release|Any CPU
		{6B443420-06F5-42DE-A7D4-CD9B35B8CC4A}.Release|Any CPU.Deploy.0 = Release|Any CPU
		{6B443420-06F5-42DE-A7D4-CD9B35B8CC4A}.Release|ARM.ActiveCfg = Release|Any CPU
		{6B443420-06F5-42DE-A7D4-CD9B35B8CC4A}.Release|ARM.Build.0 = Release|Any CPU
		{6B443420-06F5-42DE-A7D4-CD9B35B8CC4A}.Release|ARM.Deploy.0 = Release|Any CPU
		{6B443420-06F5-42DE-A7D4-CD9B35B8CC4A}.Release|iPhone.ActiveCfg = Release|Any CPU
		{6B443420-06F5-42DE-A7D4-CD9B35B8CC4A}.Release|iPhone.Build.0 = Release|Any CPU
		{6B443420-06F5-42DE-A7D4-CD9B35B8CC4A}.Release|iPhone.Deploy.0 = Release|Any CPU
		{6B443420-06F5-42DE-A7D4-CD9B35B8CC4A}.Release|iPhoneSimulator.ActiveCfg = Release|Any CPU
		{6B443420-06F5-42DE-A7D4-CD9B35B8CC4A}.Release|iPhoneSimulator.Build.0 = Release|Any CPU
		{6B443420-06F5-42DE-A7D4-CD9B35B8CC4A}.Release|iPhoneSimulator.Deploy.0 = Release|Any CPU
		{6B443420-06F5-42DE-A7D4-CD9B35B8CC4A}.Release|x64.ActiveCfg = Release|Any CPU
		{6B443420-06F5-42DE-A7D4-CD9B35B8CC4A}.Release|x64.Build.0 = Release|Any CPU
		{6B443420-06F5-42DE-A7D4-CD9B35B8CC4A}.Release|x64.Deploy.0 = Release|Any CPU
		{6B443420-06F5-42DE-A7D4-CD9B35B8CC4A}.Release|x86.ActiveCfg = Release|Any CPU
		{6B443420-06F5-42DE-A7D4-CD9B35B8CC4A}.Release|x86.Build.0 = Release|Any CPU
		{6B443420-06F5-42DE-A7D4-CD9B35B8CC4A}.Release|x86.Deploy.0 = Release|Any CPU
		{1F612187-21C7-4EFB-AB98-EC10A7B8C3D6}.Debug|Any CPU.ActiveCfg = Debug|iPhoneSimulator
		{1F612187-21C7-4EFB-AB98-EC10A7B8C3D6}.Debug|Any CPU.Build.0 = Debug|iPhoneSimulator
		{1F612187-21C7-4EFB-AB98-EC10A7B8C3D6}.Debug|Any CPU.Deploy.0 = Debug|iPhoneSimulator
		{1F612187-21C7-4EFB-AB98-EC10A7B8C3D6}.Debug|ARM.ActiveCfg = Debug|iPhone
		{1F612187-21C7-4EFB-AB98-EC10A7B8C3D6}.Debug|ARM.Build.0 = Debug|iPhone
		{1F612187-21C7-4EFB-AB98-EC10A7B8C3D6}.Debug|ARM.Deploy.0 = Debug|iPhone
		{1F612187-21C7-4EFB-AB98-EC10A7B8C3D6}.Debug|iPhone.ActiveCfg = Debug|iPhone
		{1F612187-21C7-4EFB-AB98-EC10A7B8C3D6}.Debug|iPhone.Build.0 = Debug|iPhone
		{1F612187-21C7-4EFB-AB98-EC10A7B8C3D6}.Debug|iPhone.Deploy.0 = Debug|iPhone
		{1F612187-21C7-4EFB-AB98-EC10A7B8C3D6}.Debug|iPhoneSimulator.ActiveCfg = Debug|iPhoneSimulator
		{1F612187-21C7-4EFB-AB98-EC10A7B8C3D6}.Debug|iPhoneSimulator.Build.0 = Debug|iPhoneSimulator
		{1F612187-21C7-4EFB-AB98-EC10A7B8C3D6}.Debug|iPhoneSimulator.Deploy.0 = Debug|iPhoneSimulator
		{1F612187-21C7-4EFB-AB98-EC10A7B8C3D6}.Debug|x64.ActiveCfg = Debug|iPhoneSimulator
		{1F612187-21C7-4EFB-AB98-EC10A7B8C3D6}.Debug|x64.Build.0 = Debug|iPhoneSimulator
		{1F612187-21C7-4EFB-AB98-EC10A7B8C3D6}.Debug|x64.Deploy.0 = Debug|iPhoneSimulator
		{1F612187-21C7-4EFB-AB98-EC10A7B8C3D6}.Debug|x86.ActiveCfg = Debug|iPhoneSimulator
		{1F612187-21C7-4EFB-AB98-EC10A7B8C3D6}.Debug|x86.Build.0 = Debug|iPhoneSimulator
		{1F612187-21C7-4EFB-AB98-EC10A7B8C3D6}.Debug|x86.Deploy.0 = Debug|iPhoneSimulator
		{1F612187-21C7-4EFB-AB98-EC10A7B8C3D6}.Release|Any CPU.ActiveCfg = Release|iPhoneSimulator
		{1F612187-21C7-4EFB-AB98-EC10A7B8C3D6}.Release|Any CPU.Build.0 = Release|iPhoneSimulator
		{1F612187-21C7-4EFB-AB98-EC10A7B8C3D6}.Release|Any CPU.Deploy.0 = Release|iPhoneSimulator
		{1F612187-21C7-4EFB-AB98-EC10A7B8C3D6}.Release|ARM.ActiveCfg = Release|iPhoneSimulator
		{1F612187-21C7-4EFB-AB98-EC10A7B8C3D6}.Release|ARM.Build.0 = Release|iPhoneSimulator
		{1F612187-21C7-4EFB-AB98-EC10A7B8C3D6}.Release|ARM.Deploy.0 = Release|iPhoneSimulator
		{1F612187-21C7-4EFB-AB98-EC10A7B8C3D6}.Release|iPhone.ActiveCfg = Release|iPhone
		{1F612187-21C7-4EFB-AB98-EC10A7B8C3D6}.Release|iPhone.Build.0 = Release|iPhone
		{1F612187-21C7-4EFB-AB98-EC10A7B8C3D6}.Release|iPhone.Deploy.0 = Release|iPhone
		{1F612187-21C7-4EFB-AB98-EC10A7B8C3D6}.Release|iPhoneSimulator.ActiveCfg = Release|iPhoneSimulator
		{1F612187-21C7-4EFB-AB98-EC10A7B8C3D6}.Release|iPhoneSimulator.Build.0 = Release|iPhoneSimulator
		{1F612187-21C7-4EFB-AB98-EC10A7B8C3D6}.Release|iPhoneSimulator.Deploy.0 = Release|iPhoneSimulator
		{1F612187-21C7-4EFB-AB98-EC10A7B8C3D6}.Release|x64.ActiveCfg = Release|iPhoneSimulator
		{1F612187-21C7-4EFB-AB98-EC10A7B8C3D6}.Release|x64.Build.0 = Release|iPhoneSimulator
		{1F612187-21C7-4EFB-AB98-EC10A7B8C3D6}.Release|x64.Deploy.0 = Release|iPhoneSimulator
		{1F612187-21C7-4EFB-AB98-EC10A7B8C3D6}.Release|x86.ActiveCfg = Release|iPhoneSimulator
		{1F612187-21C7-4EFB-AB98-EC10A7B8C3D6}.Release|x86.Build.0 = Release|iPhoneSimulator
		{1F612187-21C7-4EFB-AB98-EC10A7B8C3D6}.Release|x86.Deploy.0 = Release|iPhoneSimulator
		{F22A88CA-06E5-4A5E-8E63-0DD36F3E90ED}.Debug|Any CPU.ActiveCfg = Debug|Any CPU
		{F22A88CA-06E5-4A5E-8E63-0DD36F3E90ED}.Debug|Any CPU.Build.0 = Debug|Any CPU
		{F22A88CA-06E5-4A5E-8E63-0DD36F3E90ED}.Debug|Any CPU.Deploy.0 = Debug|Any CPU
		{F22A88CA-06E5-4A5E-8E63-0DD36F3E90ED}.Debug|ARM.ActiveCfg = Debug|Any CPU
		{F22A88CA-06E5-4A5E-8E63-0DD36F3E90ED}.Debug|ARM.Build.0 = Debug|Any CPU
		{F22A88CA-06E5-4A5E-8E63-0DD36F3E90ED}.Debug|ARM.Deploy.0 = Debug|Any CPU
		{F22A88CA-06E5-4A5E-8E63-0DD36F3E90ED}.Debug|iPhone.ActiveCfg = Debug|Any CPU
		{F22A88CA-06E5-4A5E-8E63-0DD36F3E90ED}.Debug|iPhone.Build.0 = Debug|Any CPU
		{F22A88CA-06E5-4A5E-8E63-0DD36F3E90ED}.Debug|iPhone.Deploy.0 = Debug|Any CPU
		{F22A88CA-06E5-4A5E-8E63-0DD36F3E90ED}.Debug|iPhoneSimulator.ActiveCfg = Debug|Any CPU
		{F22A88CA-06E5-4A5E-8E63-0DD36F3E90ED}.Debug|iPhoneSimulator.Build.0 = Debug|Any CPU
		{F22A88CA-06E5-4A5E-8E63-0DD36F3E90ED}.Debug|iPhoneSimulator.Deploy.0 = Debug|Any CPU
		{F22A88CA-06E5-4A5E-8E63-0DD36F3E90ED}.Debug|x64.ActiveCfg = Debug|Any CPU
		{F22A88CA-06E5-4A5E-8E63-0DD36F3E90ED}.Debug|x64.Build.0 = Debug|Any CPU
		{F22A88CA-06E5-4A5E-8E63-0DD36F3E90ED}.Debug|x64.Deploy.0 = Debug|Any CPU
		{F22A88CA-06E5-4A5E-8E63-0DD36F3E90ED}.Debug|x86.ActiveCfg = Debug|Any CPU
		{F22A88CA-06E5-4A5E-8E63-0DD36F3E90ED}.Debug|x86.Build.0 = Debug|Any CPU
		{F22A88CA-06E5-4A5E-8E63-0DD36F3E90ED}.Debug|x86.Deploy.0 = Debug|Any CPU
		{F22A88CA-06E5-4A5E-8E63-0DD36F3E90ED}.Release|Any CPU.ActiveCfg = Release|Any CPU
		{F22A88CA-06E5-4A5E-8E63-0DD36F3E90ED}.Release|Any CPU.Build.0 = Release|Any CPU
		{F22A88CA-06E5-4A5E-8E63-0DD36F3E90ED}.Release|Any CPU.Deploy.0 = Release|Any CPU
		{F22A88CA-06E5-4A5E-8E63-0DD36F3E90ED}.Release|ARM.ActiveCfg = Release|Any CPU
		{F22A88CA-06E5-4A5E-8E63-0DD36F3E90ED}.Release|ARM.Build.0 = Release|Any CPU
		{F22A88CA-06E5-4A5E-8E63-0DD36F3E90ED}.Release|ARM.Deploy.0 = Release|Any CPU
		{F22A88CA-06E5-4A5E-8E63-0DD36F3E90ED}.Release|iPhone.ActiveCfg = Release|Any CPU
		{F22A88CA-06E5-4A5E-8E63-0DD36F3E90ED}.Release|iPhone.Build.0 = Release|Any CPU
		{F22A88CA-06E5-4A5E-8E63-0DD36F3E90ED}.Release|iPhone.Deploy.0 = Release|Any CPU
		{F22A88CA-06E5-4A5E-8E63-0DD36F3E90ED}.Release|iPhoneSimulator.ActiveCfg = Release|Any CPU
		{F22A88CA-06E5-4A5E-8E63-0DD36F3E90ED}.Release|iPhoneSimulator.Build.0 = Release|Any CPU
		{F22A88CA-06E5-4A5E-8E63-0DD36F3E90ED}.Release|iPhoneSimulator.Deploy.0 = Release|Any CPU
		{F22A88CA-06E5-4A5E-8E63-0DD36F3E90ED}.Release|x64.ActiveCfg = Release|Any CPU
		{F22A88CA-06E5-4A5E-8E63-0DD36F3E90ED}.Release|x64.Build.0 = Release|Any CPU
		{F22A88CA-06E5-4A5E-8E63-0DD36F3E90ED}.Release|x64.Deploy.0 = Release|Any CPU
		{F22A88CA-06E5-4A5E-8E63-0DD36F3E90ED}.Release|x86.ActiveCfg = Release|Any CPU
		{F22A88CA-06E5-4A5E-8E63-0DD36F3E90ED}.Release|x86.Build.0 = Release|Any CPU
		{F22A88CA-06E5-4A5E-8E63-0DD36F3E90ED}.Release|x86.Deploy.0 = Release|Any CPU
	EndGlobalSection
	GlobalSection(SolutionProperties) = preSolution
		HideSolutionNode = FALSE
	EndGlobalSection
	GlobalSection(ExtensibilityGlobals) = postSolution
		SolutionGuid = {41D38E10-3DAF-43DE-B08A-493349EDA156}
	EndGlobalSection
EndGlobal
